
Microsoft Visual Studio Solution File, Format Version 12.00
# Visual Studio Version 17
VisualStudioVersion = 17.13.35806.99
MinimumVisualStudioVersion = 10.0.40219.1
Project("{FAE04EC0-301F-11D3-BF4B-00C04F79EFBC}") = "DersOne", "DersOne\DersOne.csproj", "{BD04DAC3-13F8-4D77-A18B-B4636759885D}"
EndProject
Global
	GlobalSection(SolutionConfigurationPlatforms) = preSolution
		Debug|Any CPU = Debug|Any CPU
		Release|Any CPU = Release|Any CPU
	EndGlobalSection
	GlobalSection(ProjectConfigurationPlatforms) = postSolution
		{BD04DAC3-13F8-4D77-A18B-B4636759885D}.Debug|Any CPU.ActiveCfg = Debug|Any CPU
		{BD04DAC3-13F8-4D77-A18B-B4636759885D}.Debug|Any CPU.Build.0 = Debug|Any CPU
		{BD04DAC3-13F8-4D77-A18B-B4636759885D}.Release|Any CPU.ActiveCfg = Release|Any CPU
		{BD04DAC3-13F8-4D77-A18B-B4636759885D}.Release|Any CPU.Build.0 = Release|Any CPU
	EndGlobalSection
	GlobalSection(SolutionProperties) = preSolution
		HideSolutionNode = FALSE
	EndGlobalSection
	GlobalSection(ExtensibilityGlobals) = postSolution
		SolutionGuid = {191DCBDD-2BA8-4320-BEB8-DB1BE1B56806}
	EndGlobalSection
EndGlobal
